PODS:
  - charset_converter (0.0.1):
    - Flutter
  - Flutter (1.0.0)
  - flutter_bluetooth_basic (0.0.1):
    - Flutter
  - path_provider (0.0.1):
    - Flutter

DEPENDENCIES:
  - charset_converter (from `.symlinks/plugins/charset_converter/ios`)
  - Flutter (from `Flutter`)
  - flutter_bluetooth_basic (from `.symlinks/plugins/flutter_bluetooth_basic/ios`)
  - path_provider (from `.symlinks/plugins/path_provider/ios`)

EXTERNAL SOURCES:
  charset_converter:
    :path: ".symlinks/plugins/charset_converter/ios"
  Flutter:
    :path: Flutter
  flutter_bluetooth_basic:
    :path: ".symlinks/plugins/flutter_bluetooth_basic/ios"
  path_provider:
    :path: ".symlinks/plugins/path_provider/ios"

SPEC CHECKSUMS:
  charset_converter: 215c7b04932ec2b9ba43be96a9bc34afed3e5322
  Flutter: 50d75fe2f02b26cc09d224853bb45737f8b3214a
  flutter_bluetooth_basic: 0e4e27e22b50b3a25cc1d1e131953feb4af414f4
  path_provider: d1e9807085df1f9cc9318206cd649dc0b76be3de

PODFILE CHECKSUM: 8e679eca47255a8ca8067c4c67aab20e64cb974d

COCOAPODS: 1.11.2
